
Microsoft Visual Studio Solution File, Format Version 12.00
# Visual Studio Version 17
VisualStudioVersion = 17.14.36202.13 d17.14
MinimumVisualStudioVersion = 10.0.40219.1
Project("{FAE04EC0-301F-11D3-BF4B-00C04F79EFBC}") = "TarefaApiIVS", "TarefaApiIVS.csproj", "{D71E3112-07C8-4969-9A4A-A004BA0C745F}"
EndProject
Global
	GlobalSection(SolutionConfigurationPlatforms) = preSolution
		Debug|Any CPU = Debug|Any CPU
		Release|Any CPU = Release|Any CPU
	EndGlobalSection
	GlobalSection(ProjectConfigurationPlatforms) = postSolution
		{D71E3112-07C8-4969-9A4A-A004BA0C745F}.Debug|Any CPU.ActiveCfg = Debug|Any CPU
		{D71E3112-07C8-4969-9A4A-A004BA0C745F}.Debug|Any CPU.Build.0 = Debug|Any CPU
		{D71E3112-07C8-4969-9A4A-A004BA0C745F}.Release|Any CPU.ActiveCfg = Release|Any CPU
		{D71E3112-07C8-4969-9A4A-A004BA0C745F}.Release|Any CPU.Build.0 = Release|Any CPU
	EndGlobalSection
	GlobalSection(SolutionProperties) = preSolution
		HideSolutionNode = FALSE
	EndGlobalSection
	GlobalSection(ExtensibilityGlobals) = postSolution
		SolutionGuid = {CF141BEF-85B4-483D-954E-8D27D9B18B64}
	EndGlobalSection
EndGlobal
